
Microsoft Visual Studio Solution File, Format Version 12.00
# Visual Studio Version 17
VisualStudioVersion = 17.13.35828.75 d17.13
MinimumVisualStudioVersion = 10.0.40219.1
Project("{FAE04EC0-301F-11D3-BF4B-00C04F79EFBC}") = "To Do List", "To Do List\To Do List.csproj", "{97292C76-D2E0-4842-B992-9C785BE92CBB}"
EndProject
Global
	GlobalSection(SolutionConfigurationPlatforms) = preSolution
		Debug|Any CPU = Debug|Any CPU
		Release|Any CPU = Release|Any CPU
	EndGlobalSection
	GlobalSection(ProjectConfigurationPlatforms) = postSolution
		{97292C76-D2E0-4842-B992-9C785BE92CBB}.Debug|Any CPU.ActiveCfg = Debug|Any CPU
		{97292C76-D2E0-4842-B992-9C785BE92CBB}.Debug|Any CPU.Build.0 = Debug|Any CPU
		{97292C76-D2E0-4842-B992-9C785BE92CBB}.Release|Any CPU.ActiveCfg = Release|Any CPU
		{97292C76-D2E0-4842-B992-9C785BE92CBB}.Release|Any CPU.Build.0 = Release|Any CPU
	EndGlobalSection
	GlobalSection(SolutionProperties) = preSolution
		HideSolutionNode = FALSE
	EndGlobalSection
	GlobalSection(ExtensibilityGlobals) = postSolution
		SolutionGuid = {DEC81BC9-36E9-4461-859F-45BA6F7FF0C3}
	EndGlobalSection
EndGlobal
